{
  "name": "@sampi/finger",
  "version": "0.0.1",
  "lockfileVersion": 1,
  "requires": true,
  "dependencies": {
    "prettier": {
      "version": "1.16.3",
      "resolved": "https://registry.npmjs.org/prettier/-/prettier-1.16.3.tgz",
      "integrity": "sha512-kn/GU6SMRYPxUakNXhpP0EedT/KmaPzr0H5lIsDogrykbaxOpOfAFfk5XA7DZrJyMAv1wlMV3CPcZruGXVVUZw==",
      "dev": true
    }
  }
}
